// !$*UTF8*$!
{
	archiveVersion = 1;
	classes = {
	};
	objectVersion = 50;
	objects = {

/* Begin PBXBuildFile section */
		F95471422512F10500D4A285 /* AppDelegate.swift in Sources */ = {isa = PBXBuildFile; fileRef = F95471412512F10500D4A285 /* AppDelegate.swift */; };
		F95471442512F10500D4A285 /* SceneDelegate.swift in Sources */ = {isa = PBXBuildFile; fileRef = F95471432512F10500D4A285 /* SceneDelegate.swift */; };
		F95471462512F10500D4A285 /* ViewController.swift in Sources */ = {isa = PBXBuildFile; fileRef = F95471452512F10500D4A285 /* ViewController.swift */; };
		F95471492512F10500D4A285 /* Main.storyboard in Resources */ = {isa = PBXBuildFile; fileRef = F95471472512F10500D4A285 /* Main.storyboard */; };
		F954714B2512F10E00D4A285 /* Assets.xcassets in Resources */ = {isa = PBXBuildFile; fileRef = F954714A2512F10E00D4A285 /* Assets.xcassets */; };
		F954714E2512F10E00D4A285 /* LaunchScreen.storyboard in Resources */ = {isa = PBXBuildFile; fileRef = F954714C2512F10E00D4A285 /* LaunchScreen.storyboard */; };
		F95471562512F18B00D4A285 /* QuizViewController.swift in Sources */ = {isa = PBXBuildFile; fileRef = F95471552512F18B00D4A285 /* QuizViewController.swift */; };
		F95471582512F1A000D4A285 /* ResultViewController.swift in Sources */ = {isa = PBXBuildFile; fileRef = F95471572512F1A000D4A285 /* ResultViewController.swift */; };
		F954715A2512F31C00D4A285 /* illustrain07-komono05.png in Resources */ = {isa = PBXBuildFile; fileRef = F95471592512F31B00D4A285 /* illustrain07-komono05.png */; };
/* End PBXBuildFile section */

/* Begin PBXFileReference section */
		F954713E2512F10500D4A285 /* Quizlfors.app */ = {isa = PBXFileReference; explicitFileType = wrapper.application; includeInIndex = 0; path = Quizlfors.app; sourceTree = BUILT_PRODUCTS_DIR; };
		F95471412512F10500D4A285 /* AppDelegate.swift */ = {isa = PBXFileReference; lastKnownFileType = sourcecode.swift; path = AppDelegate.swift; sourceTree = "<group>"; };
		F95471432512F10500D4A285 /* SceneDelegate.swift */ = {isa = PBXFileReference; lastKnownFileType = sourcecode.swift; path = SceneDelegate.swift; sourceTree = "<group>"; };
		F95471452512F10500D4A285 /* ViewController.swift */ = {isa = PBXFileReference; lastKnownFileType = sourcecode.swift; path = ViewController.swift; sourceTree = "<group>"; };
		F95471482512F10500D4A285 /* Base */ = {isa = PBXFileReference; lastKnownFileType = file.storyboard; name = Base; path = Base.lproj/Main.storyboard; sourceTree = "<group>"; };
		F954714A2512F10E00D4A285 /* Assets.xcassets */ = {isa = PBXFileReference; lastKnownFileType = folder.assetcatalog; path = Assets.xcassets; sourceTree = "<group>"; };
		F954714D2512F10E00D4A285 /* Base */ = {isa = PBXFileReference; lastKnownFileType = file.storyboard; name = Base; path = Base.lproj/LaunchScreen.storyboard; sourceTree = "<group>"; };
		F954714F2512F10E00D4A285 /* Info.plist */ = {isa = PBXFileReference; lastKnownFileType = text.plist.xml; path = Info.plist; sourceTree = "<group>"; };
		F95471552512F18B00D4A285 /* QuizViewController.swift */ = {isa = PBXFileReference; lastKnownFileType = sourcecode.swift; path = QuizViewController.swift; sourceTree = "<group>"; };
		F95471572512F1A000D4A285 /* ResultViewController.swift */ = {isa = PBXFileReference; lastKnownFileType = sourcecode.swift; path = ResultViewController.swift; sourceTree = "<group>"; };
		F95471592512F31B00D4A285 /* illustrain07-komono05.png */ = {isa = PBXFileReference; lastKnownFileType = image.png; path = "illustrain07-komono05.png"; sourceTree = "<group>"; };
/* End PBXFileReference section */

/* Begin PBXFrameworksBuildPhase section */
		F954713B2512F10500D4A285 /* Frameworks */ = {
			isa = PBXFrameworksBuildPhase;
			buildActionMask = 2147483647;
			files = (
			);
			runOnlyForDeploymentPostprocessing = 0;
		};
/* End PBXFrameworksBuildPhase section */

/* Begin PBXGroup section */
		F95471352512F10400D4A285 = {
			isa = PBXGroup;
			children = (
				F95471402512F10500D4A285 /* Quizlfors */,
				F954713F2512F10500D4A285 /* Products */,
			);
			sourceTree = "<group>";
		};
		F954713F2512F10500D4A285 /* Products */ = {
			isa = PBXGroup;
			children = (
				F954713E2512F10500D4A285 /* Quizlfors.app */,
			);
			name = Products;
			sourceTree = "<group>";
		};
		F95471402512F10500D4A285 /* Quizlfors */ = {
			isa = PBXGroup;
			children = (
				F95471592512F31B00D4A285 /* illustrain07-komono05.png */,
				F95471412512F10500D4A285 /* AppDelegate.swift */,
				F95471432512F10500D4A285 /* SceneDelegate.swift */,
				F95471452512F10500D4A285 /* ViewController.swift */,
				F95471572512F1A000D4A285 /* ResultViewController.swift */,
				F95471552512F18B00D4A285 /* QuizViewController.swift */,
				F95471472512F10500D4A285 /* Main.storyboard */,
				F954714A2512F10E00D4A285 /* Assets.xcassets */,
				F954714C2512F10E00D4A285 /* LaunchScreen.storyboard */,
				F954714F2512F10E00D4A285 /* Info.plist */,
			);
			path = Quizlfors;
			sourceTree = "<group>";
		};
/* End PBXGroup section */

/* Begin PBXNativeTarget section */
		F954713D2512F10500D4A285 /* Quizlfors */ = {
			isa = PBXNativeTarget;
			buildConfigurationList = F95471522512F10E00D4A285 /* Build configuration list for PBXNativeTarget "Quizlfors" */;
			buildPhases = (
				F954713A2512F10500D4A285 /* Sources */,
				F954713B2512F10500D4A285 /* Frameworks */,
				F954713C2512F10500D4A285 /* Resources */,
			);
			buildRules = (
			);
			dependencies = (
			);
			name = Quizlfors;
			productName = Quizlfors;
			productReference = F954713E2512F10500D4A285 /* Quizlfors.app */;
			productType = "com.apple.product-type.application";
		};
/* End PBXNativeTarget section */

/* Begin PBXProject section */
		F95471362512F10400D4A285 /* Project object */ = {
			isa = PBXProject;
			attributes = {
				LastSwiftUpdateCheck = 1170;
				LastUpgradeCheck = 1170;
				ORGANIZATIONNAME = "森田貴帆";
				TargetAttributes = {
					F954713D2512F10500D4A285 = {
						CreatedOnToolsVersion = 11.7;
					};
				};
			};
			buildConfigurationList = F95471392512F10400D4A285 /* Build configuration list for PBXProject "Quizlfors" */;
			compatibilityVersion = "Xcode 9.3";
			developmentRegion = en;
			hasScannedForEncodings = 0;
			knownRegions = (
				en,
				Base,
			);
			mainGroup = F95471352512F10400D4A285;
			productRefGroup = F954713F2512F10500D4A285 /* Products */;
			projectDirPath = "";
			projectRoot = "";
			targets = (
				F954713D2512F10500D4A285 /* Quizlfors */,
			);
		};
/* End PBXProject section */

/* Begin PBXResourcesBuildPhase section */
		F954713C2512F10500D4A285 /* Resources */ = {
			isa = PBXResourcesBuildPhase;
			buildActionMask = 2147483647;
			files = (
				F954714E2512F10E00D4A285 /* LaunchScreen.storyboard in Resources */,
				F954714B2512F10E00D4A285 /* Assets.xcassets in Resources */,
				F95471492512F10500D4A285 /* Main.storyboard in Resources */,
				F954715A2512F31C00D4A285 /* illustrain07-komono05.png in Resources */,
			);
			runOnlyForDeploymentPostprocessing = 0;
		};
/* End PBXResourcesBuildPhase section */

/* Begin PBXSourcesBuildPhase section */
		F954713A2512F10500D4A285 /* Sources */ = {
			isa = PBXSourcesBuildPhase;
			buildActionMask = 2147483647;
			files = (
				F95471582512F1A000D4A285 /* ResultViewController.swift in Sources */,
				F95471462512F10500D4A285 /* ViewController.swift in Sources */,
				F95471422512F10500D4A285 /* AppDelegate.swift in Sources */,
				F95471442512F10500D4A285 /* SceneDelegate.swift in Sources */,
				F95471562512F18B00D4A285 /* QuizViewController.swift in Sources */,
			);
			runOnlyForDeploymentPostprocessing = 0;
		};
/* End PBXSourcesBuildPhase section */

/* Begin PBXVariantGroup section */
		F95471472512F10500D4A285 /* Main.storyboard */ = {
			isa = PBXVariantGroup;
			children = (
				F95471482512F10500D4A285 /* Base */,
			);
			name = Main.storyboard;
			sourceTree = "<group>";
		};
		F954714C2512F10E00D4A285 /* LaunchScreen.storyboard */ = {
			isa = PBXVariantGroup;
			children = (
				F954714D2512F10E00D4A285 /* Base */,
			);
			name = LaunchScreen.storyboard;
			sourceTree = "<group>";
		};
/* End PBXVariantGroup section */

/* Begin XCBuildConfiguration section */
		F95471502512F10E00D4A285 /* Debug */ = {
			isa = XCBuildConfiguration;
			buildSettings = {
				ALWAYS_SEARCH_USER_PATHS = NO;
				CLANG_ANALYZER_NONNULL = YES;
				CLANG_ANALYZER_NUMBER_OBJECT_CONVERSION = YES_AGGRESSIVE;
				CLANG_CXX_LANGUAGE_STANDARD = "gnu++14";
				CLANG_CXX_LIBRARY = "libc++";
				CLANG_ENABLE_MODULES = YES;
				CLANG_ENABLE_OBJC_ARC = YES;
				CLANG_ENABLE_OBJC_WEAK = YES;
				CLANG_WARN_BLOCK_CAPTURE_AUTORELEASING = YES;
				CLANG_WARN_BOOL_CONVERSION = YES;
				CLANG_WARN_COMMA = YES;
				CLANG_WARN_CONSTANT_CONVERSION = YES;
				CLANG_WARN_DEPRECATED_OBJC_IMPLEMENTATIONS = YES;
				CLANG_WARN_DIRECT_OBJC_ISA_USAGE = YES_ERROR;
				CLANG_WARN_DOCUMENTATION_COMMENTS = YES;
				CLANG_WARN_EMPTY_BODY = YES;
				CLANG_WARN_ENUM_CONVERSION = YES;
				CLANG_WARN_INFINITE_RECURSION = YES;
				CLANG_WARN_INT_CONVERSION = YES;
				CLANG_WARN_NON_LITERAL_NULL_CONVERSION = YES;
				CLANG_WARN_OBJC_IMPLICIT_RETAIN_SELF = YES;
				CLANG_WARN_OBJC_LITERAL_CONVERSION = YES;
				CLANG_WARN_OBJC_ROOT_CLASS = YES_ERROR;
				CLANG_WARN_RANGE_LOOP_ANALYSIS = YES;
				CLANG_WARN_STRICT_PROTOTYPES = YES;
				CLANG_WARN_SUSPICIOUS_MOVE = YES;
				CLANG_WARN_UNGUARDED_AVAILABILITY = YES_AGGRESSIVE;
				CLANG_WARN_UNREACHABLE_CODE = YES;
				CLANG_WARN__DUPLICATE_METHOD_MATCH = YES;
				COPY_PHASE_STRIP = NO;
				DEBUG_INFORMATION_FORMAT = dwarf;
				ENABLE_STRICT_OBJC_MSGSEND = YES;
				ENABLE_TESTABILITY = YES;
				GCC_C_LANGUAGE_STANDARD = gnu11;
				GCC_DYNAMIC_NO_PIC = NO;
				GCC_NO_COMMON_BLOCKS = YES;
				GCC_OPTIMIZATION_LEVEL = 0;
				GCC_PREPROCESSOR_DEFINITIONS = (
					"DEBUG=1",
					"$(inherited)",
				);
				GCC_WARN_64_TO_32_BIT_CONVERSION = YES;
				GCC_WARN_ABOUT_RETURN_TYPE = YES_ERROR;
				GCC_WARN_UNDECLARED_SELECTOR = YES;
				GCC_WARN_UNINITIALIZED_AUTOS = YES_AGGRESSIVE;
				GCC_WARN_UNUSED_FUNCTION = YES;
				GCC_WARN_UNUSED_VARIABLE = YES;
				IPHONEOS_DEPLOYMENT_TARGET = 13.7;
				MTL_ENABLE_DEBUG_INFO = INCLUDE_SOURCE;
				MTL_FAST_MATH = YES;
				ONLY_ACTIVE_ARCH = YES;
				SDKROOT = iphoneos;
				SWIFT_ACTIVE_COMPILATION_CONDITIONS = DEBUG;
				SWIFT_OPTIMIZATION_LEVEL = "-Onone";
			};
			name = Debug;
		};
		F95471512512F10E00D4A285 /* Release */ = {
			isa = XCBuildConfiguration;
			buildSettings = {
				ALWAYS_SEARCH_USER_PATHS = NO;
				CLANG_ANALYZER_NONNULL = YES;
				CLANG_ANALYZER_NUMBER_OBJECT_CONVERSION = YES_AGGRESSIVE;
				CLANG_CXX_LANGUAGE_STANDARD = "gnu++14";
				CLANG_CXX_LIBRARY = "libc++";
				CLANG_ENABLE_MODULES = YES;
				CLANG_ENABLE_OBJC_ARC = YES;
				CLANG_ENABLE_OBJC_WEAK = YES;
				CLANG_WARN_BLOCK_CAPTURE_AUTORELEASING = YES;
				CLANG_WARN_BOOL_CONVERSION = YES;
				CLANG_WARN_COMMA = YES;
				CLANG_WARN_CONSTANT_CONVERSION = YES;
				CLANG_WARN_DEPRECATED_OBJC_IMPLEMENTATIONS = YES;
				CLANG_WARN_DIRECT_OBJC_ISA_USAGE = YES_ERROR;
				CLANG_WARN_DOCUMENTATION_COMMENTS = YES;
				CLANG_WARN_EMPTY_BODY = YES;
				CLANG_WARN_ENUM_CONVERSION = YES;
				CLANG_WARN_INFINITE_RECURSION = YES;
				CLANG_WARN_INT_CONVERSION = YES;
				CLANG_WARN_NON_LITERAL_NULL_CONVERSION = YES;
				CLANG_WARN_OBJC_IMPLICIT_RETAIN_SELF = YES;
				CLANG_WARN_OBJC_LITERAL_CONVERSION = YES;
				CLANG_WARN_OBJC_ROOT_CLASS = YES_ERROR;
				CLANG_WARN_RANGE_LOOP_ANALYSIS = YES;
				CLANG_WARN_STRICT_PROTOTYPES = YES;
				CLANG_WARN_SUSPICIOUS_MOVE = YES;
				CLANG_WARN_UNGUARDED_AVAILABILITY = YES_AGGRESSIVE;
				CLANG_WARN_UNREACHABLE_CODE = YES;
				CLANG_WARN__DUPLICATE_METHOD_MATCH = YES;
				COPY_PHASE_STRIP = NO;
				DEBUG_INFORMATION_FORMAT = "dwarf-with-dsym";
				ENABLE_NS_ASSERTIONS = NO;
				ENABLE_STRICT_OBJC_MSGSEND = YES;
				GCC_C_LANGUAGE_STANDARD = gnu11;
				GCC_NO_COMMON_BLOCKS = YES;
				GCC_WARN_64_TO_32_BIT_CONVERSION = YES;
				GCC_WARN_ABOUT_RETURN_TYPE = YES_ERROR;
				GCC_WARN_UNDECLARED_SELECTOR = YES;
				GCC_WARN_UNINITIALIZED_AUTOS = YES_AGGRESSIVE;
				GCC_WARN_UNUSED_FUNCTION = YES;
				GCC_WARN_UNUSED_VARIABLE = YES;
				IPHONEOS_DEPLOYMENT_TARGET = 13.7;
				MTL_ENABLE_DEBUG_INFO = NO;
				MTL_FAST_MATH = YES;
				SDKROOT = iphoneos;
				SWIFT_COMPILATION_MODE = wholemodule;
				SWIFT_OPTIMIZATION_LEVEL = "-O";
				VALIDATE_PRODUCT = YES;
			};
			name = Release;
		};
		F95471532512F10E00D4A285 /* Debug */ = {
			isa = XCBuildConfiguration;
			buildSettings = {
				ASSETCATALOG_COMPILER_APPICON_NAME = AppIcon;
				CODE_SIGN_STYLE = Automatic;
				DEVELOPMENT_TEAM = F9X9VCT8TE;
				INFOPLIST_FILE = Quizlfors/Info.plist;
				LD_RUNPATH_SEARCH_PATHS = (
					"$(inherited)",
					"@executable_path/Frameworks",
				);
				PRODUCT_BUNDLE_IDENTIFIER = app.kihomori.morita.Quizlfors;
				PRODUCT_NAME = "$(TARGET_NAME)";
				SWIFT_VERSION = 5.0;
				TARGETED_DEVICE_FAMILY = "1,2";
			};
			name = Debug;
		};
		F95471542512F10E00D4A285 /* Release */ = {
			isa = XCBuildConfiguration;
			buildSettings = {
				ASSETCATALOG_COMPILER_APPICON_NAME = AppIcon;
				CODE_SIGN_STYLE = Automatic;
				DEVELOPMENT_TEAM = F9X9VCT8TE;
				INFOPLIST_FILE = Quizlfors/Info.plist;
				LD_RUNPATH_SEARCH_PATHS = (
					"$(inherited)",
					"@executable_path/Frameworks",
				);
				PRODUCT_BUNDLE_IDENTIFIER = app.kihomori.morita.Quizlfors;
				PRODUCT_NAME = "$(TARGET_NAME)";
				SWIFT_VERSION = 5.0;
				TARGETED_DEVICE_FAMILY = "1,2";
			};
			name = Release;
		};
/* End XCBuildConfiguration section */

/* Begin XCConfigurationList section */
		F95471392512F10400D4A285 /* Build configuration list for PBXProject "Quizlfors" */ = {
			isa = XCConfigurationList;
			buildConfigurations = (
				F95471502512F10E00D4A285 /* Debug */,
				F95471512512F10E00D4A285 /* Release */,
			);
			defaultConfigurationIsVisible = 0;
			defaultConfigurationName = Release;
		};
		F95471522512F10E00D4A285 /* Build configuration list for PBXNativeTarget "Quizlfors" */ = {
			isa = XCConfigurationList;
			buildConfigurations = (
				F95471532512F10E00D4A285 /* Debug */,
				F95471542512F10E00D4A285 /* Release */,
			);
			defaultConfigurationIsVisible = 0;
			defaultConfigurationName = Release;
		};
/* End XCConfigurationList section */
	};
	rootObject = F95471362512F10400D4A285 /* Project object */;
}
